# This file was autogenerated by Stack.
# You should not edit this file by hand.
# For more information, please see the documentation at:
#   https://docs.haskellstack.org/en/stable/lock_files

packages:
- completed:
    hackage: unbound-generics-0.4.1@sha256:5020e8397dad610846cbd5bdc855e20edf9b9cb74f93f6c09488bba21118c409,5485
    pantry-tree:
      size: 3046
      sha256: 3f6a21308ef8d6e6127448715671ef4cd21d71b81198c77d58f55008aee988f8
  original:
    hackage: unbound-generics-0.4.1@sha256:5020e8397dad610846cbd5bdc855e20edf9b9cb74f93f6c09488bba21118c409,5485
- completed:
    hackage: data-fix-0.3.0@sha256:058a266d1e658500e0ffb8babe68195b0ce06a081dcfc3814afc784b083fd9a5,1645
    pantry-tree:
      size: 261
      sha256: 6cf43af344624e087dbe2f1e96e985de6142e85bb02db8449df6d72bee3c1013
  original:
    hackage: data-fix-0.3.0@sha256:058a266d1e658500e0ffb8babe68195b0ce06a081dcfc3814afc784b083fd9a5,1645
- completed:
    hackage: th-utilities-0.2.4.1@sha256:b37d23c8bdabd678aee5a36dd4373049d4179e9a85f34eb437e9cd3f04f435ca,1869
    pantry-tree:
      size: 882
      sha256: 0f2cadecd5bf76c605a2768f3b150318750258fd82bde4d8e206651802106065
  original:
    hackage: th-utilities-0.2.4.1@sha256:b37d23c8bdabd678aee5a36dd4373049d4179e9a85f34eb437e9cd3f04f435ca,1869
snapshots:
- completed:
    size: 532380
    url: https://raw.githubusercontent.com/commercialhaskell/stackage-snapshots/master/lts/16/16.yaml
    sha256: d6b004b095fe2a0b8b14fbc30014ee97e58843b9c9362ddb9244273dda62649e
  original: lts-16.16
