# This file was autogenerated by Stack.
# You should not edit this file by hand.
# For more information, please see the documentation at:
#   https://docs.haskellstack.org/en/stable/lock_files

packages: []
snapshots:
- completed:
    sha256: 9835b0f8c21959d64cf46270a384ed92b2443d0aa483ab73cded25978881a0ca
    size: 675170
    url: https://raw.githubusercontent.com/commercialhaskell/stackage-snapshots/master/nightly/2025/4/5.yaml
  original: nightly-2025-04-05
